Microsoft Visual Studio Solution File, Format Version 12.00
# Visual Studio Version 17
VisualStudioVersion = 17.5.2.0
MinimumVisualStudioVersion = 10.0.40219.1
Project("{FAE04EC0-301F-11D3-BF4B-00C04F79EFBC}") = "TaskManagerProject", "TaskManagerProject.csproj", "{3711325A-B77B-AA9E-E4C6-539A0634D8AF}"
EndProject
Global
	GlobalSection(SolutionConfigurationPlatforms) = preSolution
		Debug|Any CPU = Debug|Any CPU
		Release|Any CPU = Release|Any CPU
	EndGlobalSection
	GlobalSection(ProjectConfigurationPlatforms) = postSolution
		{3711325A-B77B-AA9E-E4C6-539A0634D8AF}.Debug|Any CPU.ActiveCfg = Debug|Any CPU
		{3711325A-B77B-AA9E-E4C6-539A0634D8AF}.Debug|Any CPU.Build.0 = Debug|Any CPU
		{3711325A-B77B-AA9E-E4C6-539A0634D8AF}.Release|Any CPU.ActiveCfg = Release|Any CPU
		{3711325A-B77B-AA9E-E4C6-539A0634D8AF}.Release|Any CPU.Build.0 = Release|Any CPU
	EndGlobalSection
	GlobalSection(SolutionProperties) = preSolution
		HideSolutionNode = FALSE
	EndGlobalSection
	GlobalSection(ExtensibilityGlobals) = postSolution
		SolutionGuid = {046B6B4A-67FC-4861-B856-6ACFC1485CF3}
	EndGlobalSection
EndGlobal
